
Microsoft Visual Studio Solution File, Format Version 12.00
# Visual Studio Version 17
VisualStudioVersion = 17.0.31903.59
MinimumVisualStudioVersion = 10.0.40219.1
Project("{8BC9CEB8-8B4A-11D0-8D11-00A0C91BC942}") = "Stack", "Stack\Stack.vcxproj", "{403D4E5F-CDB3-49A9-81B3-0999C56B0273}"
EndProject
Global
	GlobalSection(SolutionConfigurationPlatforms) = preSolution
		Debug|x64 = Debug|x64
		Debug|x86 = Debug|x86
		Release|x64 = Release|x64
		Release|x86 = Release|x86
	EndGlobalSection
	GlobalSection(ProjectConfigurationPlatforms) = postSolution
		{403D4E5F-CDB3-49A9-81B3-0999C56B0273}.Debug|x64.ActiveCfg = Debug|x64
		{403D4E5F-CDB3-49A9-81B3-0999C56B0273}.Debug|x64.Build.0 = Debug|x64
		{403D4E5F-CDB3-49A9-81B3-0999C56B0273}.Debug|x86.ActiveCfg = Debug|Win32
		{403D4E5F-CDB3-49A9-81B3-0999C56B0273}.Debug|x86.Build.0 = Debug|Win32
		{403D4E5F-CDB3-49A9-81B3-0999C56B0273}.Release|x64.ActiveCfg = Release|x64
		{403D4E5F-CDB3-49A9-81B3-0999C56B0273}.Release|x64.Build.0 = Release|x64
		{403D4E5F-CDB3-49A9-81B3-0999C56B0273}.Release|x86.ActiveCfg = Release|Win32
		{403D4E5F-CDB3-49A9-81B3-0999C56B0273}.Release|x86.Build.0 = Release|Win32
	EndGlobalSection
	GlobalSection(SolutionProperties) = preSolution
		HideSolutionNode = FALSE
	EndGlobalSection
	GlobalSection(ExtensibilityGlobals) = postSolution
		SolutionGuid = {FBC547AB-530F-4D8A-984E-D9DF81751175}
	EndGlobalSection
EndGlobal
