
Microsoft Visual Studio Solution File, Format Version 12.00
# Visual Studio Version 17
VisualStudioVersion = 17.0.31903.59
MinimumVisualStudioVersion = 10.0.40219.1
Project("{8BC9CEB8-8B4A-11D0-8D11-00A0C91BC942}") = "circle Linked List", "circle Linked List\circle Linked List.vcxproj", "{AF564FB0-5ED9-4274-9951-CBAABA65802B}"
EndProject
Global
	GlobalSection(SolutionConfigurationPlatforms) = preSolution
		Debug|x64 = Debug|x64
		Debug|x86 = Debug|x86
		Release|x64 = Release|x64
		Release|x86 = Release|x86
	EndGlobalSection
	GlobalSection(ProjectConfigurationPlatforms) = postSolution
		{AF564FB0-5ED9-4274-9951-CBAABA65802B}.Debug|x64.ActiveCfg = Debug|x64
		{AF564FB0-5ED9-4274-9951-CBAABA65802B}.Debug|x64.Build.0 = Debug|x64
		{AF564FB0-5ED9-4274-9951-CBAABA65802B}.Debug|x86.ActiveCfg = Debug|Win32
		{AF564FB0-5ED9-4274-9951-CBAABA65802B}.Debug|x86.Build.0 = Debug|Win32
		{AF564FB0-5ED9-4274-9951-CBAABA65802B}.Release|x64.ActiveCfg = Release|x64
		{AF564FB0-5ED9-4274-9951-CBAABA65802B}.Release|x64.Build.0 = Release|x64
		{AF564FB0-5ED9-4274-9951-CBAABA65802B}.Release|x86.ActiveCfg = Release|Win32
		{AF564FB0-5ED9-4274-9951-CBAABA65802B}.Release|x86.Build.0 = Release|Win32
	EndGlobalSection
	GlobalSection(SolutionProperties) = preSolution
		HideSolutionNode = FALSE
	EndGlobalSection
	GlobalSection(ExtensibilityGlobals) = postSolution
		SolutionGuid = {60B00319-EF6E-4806-B922-696DC1154293}
	EndGlobalSection
EndGlobal
